// !$*UTF8*$!
{
	archiveVersion = 1;
	classes = {
	};
	objectVersion = 50;
	objects = {

/* Begin PBXBuildFile section */
		04226FBA2235462E00AC8418 /* EGCore.m in Sources */ = {isa = PBXBuildFile; fileRef = 04226FB92235462E00AC8418 /* EGCore.m */; };
		04226FBD223549F900AC8418 /* EGDataManager.m in Sources */ = {isa = PBXBuildFile; fileRef = 04226FBC223549F900AC8418 /* EGDataManager.m */; };
		042908012235241500D2F2E9 /* AppDelegate.m in Sources */ = {isa = PBXBuildFile; fileRef = 042908002235241500D2F2E9 /* AppDelegate.m */; };
		042908042235241500D2F2E9 /* ViewController.m in Sources */ = {isa = PBXBuildFile; fileRef = 042908032235241500D2F2E9 /* ViewController.m */; };
		042908072235241500D2F2E9 /* Main.storyboard in Resources */ = {isa = PBXBuildFile; fileRef = 042908052235241500D2F2E9 /* Main.storyboard */; };
		042908092235241800D2F2E9 /* Assets.xcassets in Resources */ = {isa = PBXBuildFile; fileRef = 042908082235241800D2F2E9 /* Assets.xcassets */; };
		0429080C2235241800D2F2E9 /* LaunchScreen.storyboard in Resources */ = {isa = PBXBuildFile; fileRef = 0429080A2235241800D2F2E9 /* LaunchScreen.storyboard */; };
		0429080F2235241800D2F2E9 /* main.m in Sources */ = {isa = PBXBuildFile; fileRef = 0429080E2235241800D2F2E9 /* main.m */; };
		042908192235241800D2F2E9 /* WeatherAppTests.m in Sources */ = {isa = PBXBuildFile; fileRef = 042908182235241800D2F2E9 /* WeatherAppTests.m */; };
		042908242235241800D2F2E9 /* WeatherAppUITests.m in Sources */ = {isa = PBXBuildFile; fileRef = 042908232235241800D2F2E9 /* WeatherAppUITests.m */; };
		39DCF284CFEF9846C2BFBDB7 /* libPods-WeatherApp.a in Frameworks */ = {isa = PBXBuildFile; fileRef = CF0BCC3EF73BDD5F719D8CF3 /* libPods-WeatherApp.a */; };
		457E99460051AA134B565039 /* libPods-WeatherAppTests.a in Frameworks */ = {isa = PBXBuildFile; fileRef = 1C8A2E087548019202F1EA9B /* libPods-WeatherAppTests.a */; };
		EF013EE46CB843B5472E7BD5 /* libPods-WeatherAppUITests.a in Frameworks */ = {isa = PBXBuildFile; fileRef = 5FA4CDC44712D24DB413382B /* libPods-WeatherAppUITests.a */; };
/* End PBXBuildFile section */

/* Begin PBXContainerItemProxy section */
		042908152235241800D2F2E9 /* PBXContainerItemProxy */ = {
			isa = PBXContainerItemProxy;
			containerPortal = 042907F42235241500D2F2E9 /* Project object */;
			proxyType = 1;
			remoteGlobalIDString = 042907FB2235241500D2F2E9;
			remoteInfo = WeatherApp;
		};
		042908202235241800D2F2E9 /* PBXContainerItemProxy */ = {
			isa = PBXContainerItemProxy;
			containerPortal = 042907F42235241500D2F2E9 /* Project object */;
			proxyType = 1;
			remoteGlobalIDString = 042907FB2235241500D2F2E9;
			remoteInfo = WeatherApp;
		};
/* End PBXContainerItemProxy section */

/* Begin PBXFileReference section */
		04226FB82235462E00AC8418 /* EGCore.h */ = {isa = PBXFileReference; lastKnownFileType = sourcecode.c.h; path = EGCore.h; sourceTree = "<group>"; };
		04226FB92235462E00AC8418 /* EGCore.m */ = {isa = PBXFileReference; lastKnownFileType = sourcecode.c.objc; path = EGCore.m; sourceTree = "<group>"; };
		04226FBB223549F900AC8418 /* EGDataManager.h */ = {isa = PBXFileReference; lastKnownFileType = sourcecode.c.h; path = EGDataManager.h; sourceTree = "<group>"; };
		04226FBC223549F900AC8418 /* EGDataManager.m */ = {isa = PBXFileReference; lastKnownFileType = sourcecode.c.objc; path = EGDataManager.m; sourceTree = "<group>"; };
		042907FC2235241500D2F2E9 /* WeatherApp.app */ = {isa = PBXFileReference; explicitFileType = wrapper.application; includeInIndex = 0; path = WeatherApp.app; sourceTree = BUILT_PRODUCTS_DIR; };
		042907FF2235241500D2F2E9 /* AppDelegate.h */ = {isa = PBXFileReference; lastKnownFileType = sourcecode.c.h; path = AppDelegate.h; sourceTree = "<group>"; };
		042908002235241500D2F2E9 /* AppDelegate.m */ = {isa = PBXFileReference; lastKnownFileType = sourcecode.c.objc; path = AppDelegate.m; sourceTree = "<group>"; };
		042908022235241500D2F2E9 /* ViewController.h */ = {isa = PBXFileReference; lastKnownFileType = sourcecode.c.h; path = ViewController.h; sourceTree = "<group>"; };
		042908032235241500D2F2E9 /* ViewController.m */ = {isa = PBXFileReference; lastKnownFileType = sourcecode.c.objc; path = ViewController.m; sourceTree = "<group>"; };
		042908062235241500D2F2E9 /* Base */ = {isa = PBXFileReference; lastKnownFileType = file.storyboard; name = Base; path = Base.lproj/Main.storyboard; sourceTree = "<group>"; };
		042908082235241800D2F2E9 /* Assets.xcassets */ = {isa = PBXFileReference; lastKnownFileType = folder.assetcatalog; path = Assets.xcassets; sourceTree = "<group>"; };
		0429080B2235241800D2F2E9 /* Base */ = {isa = PBXFileReference; lastKnownFileType = file.storyboard; name = Base; path = Base.lproj/LaunchScreen.storyboard; sourceTree = "<group>"; };
		0429080D2235241800D2F2E9 /* Info.plist */ = {isa = PBXFileReference; lastKnownFileType = text.plist.xml; path = Info.plist; sourceTree = "<group>"; };
		0429080E2235241800D2F2E9 /* main.m */ = {isa = PBXFileReference; lastKnownFileType = sourcecode.c.objc; path = main.m; sourceTree = "<group>"; };
		042908142235241800D2F2E9 /* WeatherAppTests.xctest */ = {isa = PBXFileReference; explicitFileType = wrapper.cfbundle; includeInIndex = 0; path = WeatherAppTests.xctest; sourceTree = BUILT_PRODUCTS_DIR; };
		042908182235241800D2F2E9 /* WeatherAppTests.m */ = {isa = PBXFileReference; lastKnownFileType = sourcecode.c.objc; path = WeatherAppTests.m; sourceTree = "<group>"; };
		0429081A2235241800D2F2E9 /* Info.plist */ = {isa = PBXFileReference; lastKnownFileType = text.plist.xml; path = Info.plist; sourceTree = "<group>"; };
		0429081F2235241800D2F2E9 /* WeatherAppUITests.xctest */ = {isa = PBXFileReference; explicitFileType = wrapper.cfbundle; includeInIndex = 0; path = WeatherAppUITests.xctest; sourceTree = BUILT_PRODUCTS_DIR; };
		042908232235241800D2F2E9 /* WeatherAppUITests.m */ = {isa = PBXFileReference; lastKnownFileType = sourcecode.c.objc; path = WeatherAppUITests.m; sourceTree = "<group>"; };
		042908252235241800D2F2E9 /* Info.plist */ = {isa = PBXFileReference; lastKnownFileType = text.plist.xml; path = Info.plist; sourceTree = "<group>"; };
		1C8A2E087548019202F1EA9B /* libPods-WeatherAppTests.a */ = {isa = PBXFileReference; explicitFileType = archive.ar; includeInIndex = 0; path = "libPods-WeatherAppTests.a"; sourceTree = BUILT_PRODUCTS_DIR; };
		56A58637474D065D1CB7FBDD /* Pods-WeatherAppUITests.debug.xcconfig */ = {isa = PBXFileReference; includeInIndex = 1; lastKnownFileType = text.xcconfig; name = "Pods-WeatherAppUITests.debug.xcconfig"; path = "Target Support Files/Pods-WeatherAppUITests/Pods-WeatherAppUITests.debug.xcconfig"; sourceTree = "<group>"; };
		5FA4CDC44712D24DB413382B /* libPods-WeatherAppUITests.a */ = {isa = PBXFileReference; explicitFileType = archive.ar; includeInIndex = 0; path = "libPods-WeatherAppUITests.a"; sourceTree = BUILT_PRODUCTS_DIR; };
		6F39CC96059306DBFA7DD08A /* Pods-WeatherAppUITests.release.xcconfig */ = {isa = PBXFileReference; includeInIndex = 1; lastKnownFileType = text.xcconfig; name = "Pods-WeatherAppUITests.release.xcconfig"; path = "Target Support Files/Pods-WeatherAppUITests/Pods-WeatherAppUITests.release.xcconfig"; sourceTree = "<group>"; };
		8869CF5F739D587B5A28A0DA /* Pods-WeatherAppTests.release.xcconfig */ = {isa = PBXFileReference; includeInIndex = 1; lastKnownFileType = text.xcconfig; name = "Pods-WeatherAppTests.release.xcconfig"; path = "Target Support Files/Pods-WeatherAppTests/Pods-WeatherAppTests.release.xcconfig"; sourceTree = "<group>"; };
		8939BD394B78859867A2FCF4 /* Pods-WeatherAppTests.debug.xcconfig */ = {isa = PBXFileReference; includeInIndex = 1; lastKnownFileType = text.xcconfig; name = "Pods-WeatherAppTests.debug.xcconfig"; path = "Target Support Files/Pods-WeatherAppTests/Pods-WeatherAppTests.debug.xcconfig"; sourceTree = "<group>"; };
		93D4F558A46BA99E1D5A7B7B /* Pods-WeatherApp.debug.xcconfig */ = {isa = PBXFileReference; includeInIndex = 1; lastKnownFileType = text.xcconfig; name = "Pods-WeatherApp.debug.xcconfig"; path = "Target Support Files/Pods-WeatherApp/Pods-WeatherApp.debug.xcconfig"; sourceTree = "<group>"; };
		BC9F10746C1519888547FD1E /* Pods-WeatherApp.release.xcconfig */ = {isa = PBXFileReference; includeInIndex = 1; lastKnownFileType = text.xcconfig; name = "Pods-WeatherApp.release.xcconfig"; path = "Target Support Files/Pods-WeatherApp/Pods-WeatherApp.release.xcconfig"; sourceTree = "<group>"; };
		CF0BCC3EF73BDD5F719D8CF3 /* libPods-WeatherApp.a */ = {isa = PBXFileReference; explicitFileType = archive.ar; includeInIndex = 0; path = "libPods-WeatherApp.a"; sourceTree = BUILT_PRODUCTS_DIR; };
/* End PBXFileReference section */

/* Begin PBXFrameworksBuildPhase section */
		042907F92235241500D2F2E9 /* Frameworks */ = {
			isa = PBXFrameworksBuildPhase;
			buildActionMask = 2147483647;
			files = (
				39DCF284CFEF9846C2BFBDB7 /* libPods-WeatherApp.a in Frameworks */,
			);
			runOnlyForDeploymentPostprocessing = 0;
		};
		042908112235241800D2F2E9 /* Frameworks */ = {
			isa = PBXFrameworksBuildPhase;
			buildActionMask = 2147483647;
			files = (
				457E99460051AA134B565039 /* libPods-WeatherAppTests.a in Frameworks */,
			);
			runOnlyForDeploymentPostprocessing = 0;
		};
		0429081C2235241800D2F2E9 /* Frameworks */ = {
			isa = PBXFrameworksBuildPhase;
			buildActionMask = 2147483647;
			files = (
				EF013EE46CB843B5472E7BD5 /* libPods-WeatherAppUITests.a in Frameworks */,
			);
			runOnlyForDeploymentPostprocessing = 0;
		};
/* End PBXFrameworksBuildPhase section */

/* Begin PBXGroup section */
		042907F32235241500D2F2E9 = {
			isa = PBXGroup;
			children = (
				042907FE2235241500D2F2E9 /* WeatherApp */,
				042908172235241800D2F2E9 /* WeatherAppTests */,
				042908222235241800D2F2E9 /* WeatherAppUITests */,
				042907FD2235241500D2F2E9 /* Products */,
				73DF76501472417DCB6F14C1 /* Pods */,
				818DE4B7BD59B2C49929EA97 /* Frameworks */,
			);
			sourceTree = "<group>";
		};
		042907FD2235241500D2F2E9 /* Products */ = {
			isa = PBXGroup;
			children = (
				042907FC2235241500D2F2E9 /* WeatherApp.app */,
				042908142235241800D2F2E9 /* WeatherAppTests.xctest */,
				0429081F2235241800D2F2E9 /* WeatherAppUITests.xctest */,
			);
			name = Products;
			sourceTree = "<group>";
		};
		042907FE2235241500D2F2E9 /* WeatherApp */ = {
			isa = PBXGroup;
			children = (
				0429083D2235282300D2F2E9 /* Libraries */,
				042908312235270C00D2F2E9 /* Resources */,
				04290838223527A300D2F2E9 /* Constants */,
				04290839223527E300D2F2E9 /* Core */,
				042908342235276600D2F2E9 /* UI */,
				0429083E2235283300D2F2E9 /* Supporting Files */,
				042907FF2235241500D2F2E9 /* AppDelegate.h */,
				042908002235241500D2F2E9 /* AppDelegate.m */,
				0429080D2235241800D2F2E9 /* Info.plist */,
			);
			path = WeatherApp;
			sourceTree = "<group>";
		};
		042908172235241800D2F2E9 /* WeatherAppTests */ = {
			isa = PBXGroup;
			children = (
				042908182235241800D2F2E9 /* WeatherAppTests.m */,
				0429081A2235241800D2F2E9 /* Info.plist */,
			);
			path = WeatherAppTests;
			sourceTree = "<group>";
		};
		042908222235241800D2F2E9 /* WeatherAppUITests */ = {
			isa = PBXGroup;
			children = (
				042908232235241800D2F2E9 /* WeatherAppUITests.m */,
				042908252235241800D2F2E9 /* Info.plist */,
			);
			path = WeatherAppUITests;
			sourceTree = "<group>";
		};
		042908312235270C00D2F2E9 /* Resources */ = {
			isa = PBXGroup;
			children = (
				042908332235273600D2F2E9 /* Fonts */,
				042908322235271E00D2F2E9 /* Images */,
			);
			path = Resources;
			sourceTree = "<group>";
		};
		042908322235271E00D2F2E9 /* Images */ = {
			isa = PBXGroup;
			children = (
			);
			path = Images;
			sourceTree = "<group>";
		};
		042908332235273600D2F2E9 /* Fonts */ = {
			isa = PBXGroup;
			children = (
			);
			path = Fonts;
			sourceTree = "<group>";
		};
		042908342235276600D2F2E9 /* UI */ = {
			isa = PBXGroup;
			children = (
				042908372235278A00D2F2E9 /* Base */,
				042908352235277A00D2F2E9 /* Views */,
				042908362235278200D2F2E9 /* Screens */,
			);
			path = UI;
			sourceTree = "<group>";
		};
		042908352235277A00D2F2E9 /* Views */ = {
			isa = PBXGroup;
			children = (
			);
			path = Views;
			sourceTree = "<group>";
		};
		042908362235278200D2F2E9 /* Screens */ = {
			isa = PBXGroup;
			children = (
				0429084322352B1600D2F2E9 /* Main */,
				0429084422352B2100D2F2E9 /* Launch */,
			);
			path = Screens;
			sourceTree = "<group>";
		};
		042908372235278A00D2F2E9 /* Base */ = {
			isa = PBXGroup;
			children = (
			);
			path = Base;
			sourceTree = "<group>";
		};
		04290838223527A300D2F2E9 /* Constants */ = {
			isa = PBXGroup;
			children = (
			);
			path = Constants;
			sourceTree = "<group>";
		};
		04290839223527E300D2F2E9 /* Core */ = {
			isa = PBXGroup;
			children = (
				0429083A223527F800D2F2E9 /* Models */,
				0429083B223527FF00D2F2E9 /* Managers */,
				0429083C2235280900D2F2E9 /* Repositories */,
				04226FB82235462E00AC8418 /* EGCore.h */,
				04226FB92235462E00AC8418 /* EGCore.m */,
			);
			path = Core;
			sourceTree = "<group>";
		};
		0429083A223527F800D2F2E9 /* Models */ = {
			isa = PBXGroup;
			children = (
			);
			path = Models;
			sourceTree = "<group>";
		};
		0429083B223527FF00D2F2E9 /* Managers */ = {
			isa = PBXGroup;
			children = (
				04226FBB223549F900AC8418 /* EGDataManager.h */,
				04226FBC223549F900AC8418 /* EGDataManager.m */,
			);
			path = Managers;
			sourceTree = "<group>";
		};
		0429083C2235280900D2F2E9 /* Repositories */ = {
			isa = PBXGroup;
			children = (
			);
			path = Repositories;
			sourceTree = "<group>";
		};
		0429083D2235282300D2F2E9 /* Libraries */ = {
			isa = PBXGroup;
			children = (
				0429083F2235284E00D2F2E9 /* Helpers */,
				042908402235285600D2F2E9 /* Utils */,
				042908412235285E00D2F2E9 /* Extension */,
				042908422235286600D2F2E9 /* Protocols */,
			);
			path = Libraries;
			sourceTree = "<group>";
		};
		0429083E2235283300D2F2E9 /* Supporting Files */ = {
			isa = PBXGroup;
			children = (
				042908082235241800D2F2E9 /* Assets.xcassets */,
				0429080E2235241800D2F2E9 /* main.m */,
			);
			path = "Supporting Files";
			sourceTree = "<group>";
		};
		0429083F2235284E00D2F2E9 /* Helpers */ = {
			isa = PBXGroup;
			children = (
			);
			path = Helpers;
			sourceTree = "<group>";
		};
		042908402235285600D2F2E9 /* Utils */ = {
			isa = PBXGroup;
			children = (
			);
			path = Utils;
			sourceTree = "<group>";
		};
		042908412235285E00D2F2E9 /* Extension */ = {
			isa = PBXGroup;
			children = (
			);
			path = Extension;
			sourceTree = "<group>";
		};
		042908422235286600D2F2E9 /* Protocols */ = {
			isa = PBXGroup;
			children = (
			);
			path = Protocols;
			sourceTree = "<group>";
		};
		0429084322352B1600D2F2E9 /* Main */ = {
			isa = PBXGroup;
			children = (
				042908022235241500D2F2E9 /* ViewController.h */,
				042908032235241500D2F2E9 /* ViewController.m */,
				042908052235241500D2F2E9 /* Main.storyboard */,
			);
			path = Main;
			sourceTree = "<group>";
		};
		0429084422352B2100D2F2E9 /* Launch */ = {
			isa = PBXGroup;
			children = (
				0429080A2235241800D2F2E9 /* LaunchScreen.storyboard */,
			);
			path = Launch;
			sourceTree = "<group>";
		};
		73DF76501472417DCB6F14C1 /* Pods */ = {
			isa = PBXGroup;
			children = (
				93D4F558A46BA99E1D5A7B7B /* Pods-WeatherApp.debug.xcconfig */,
				BC9F10746C1519888547FD1E /* Pods-WeatherApp.release.xcconfig */,
				8939BD394B78859867A2FCF4 /* Pods-WeatherAppTests.debug.xcconfig */,
				8869CF5F739D587B5A28A0DA /* Pods-WeatherAppTests.release.xcconfig */,
				56A58637474D065D1CB7FBDD /* Pods-WeatherAppUITests.debug.xcconfig */,
				6F39CC96059306DBFA7DD08A /* Pods-WeatherAppUITests.release.xcconfig */,
			);
			path = Pods;
			sourceTree = "<group>";
		};
		818DE4B7BD59B2C49929EA97 /* Frameworks */ = {
			isa = PBXGroup;
			children = (
				CF0BCC3EF73BDD5F719D8CF3 /* libPods-WeatherApp.a */,
				1C8A2E087548019202F1EA9B /* libPods-WeatherAppTests.a */,
				5FA4CDC44712D24DB413382B /* libPods-WeatherAppUITests.a */,
			);
			name = Frameworks;
			sourceTree = "<group>";
		};
/* End PBXGroup section */

/* Begin PBXNativeTarget section */
		042907FB2235241500D2F2E9 /* WeatherApp */ = {
			isa = PBXNativeTarget;
			buildConfigurationList = 042908282235241800D2F2E9 /* Build configuration list for PBXNativeTarget "WeatherApp" */;
			buildPhases = (
				B6130558AF999ECA898BE04A /* [CP] Check Pods Manifest.lock */,
				042907F82235241500D2F2E9 /* Sources */,
				042907F92235241500D2F2E9 /* Frameworks */,
				042907FA2235241500D2F2E9 /* Resources */,
				5CF9537CAA5CC7D2B9828F0E /* [CP] Copy Pods Resources */,
			);
			buildRules = (
			);
			dependencies = (
			);
			name = WeatherApp;
			productName = WeatherApp;
			productReference = 042907FC2235241500D2F2E9 /* WeatherApp.app */;
			productType = "com.apple.product-type.application";
		};
		042908132235241800D2F2E9 /* WeatherAppTests */ = {
			isa = PBXNativeTarget;
			buildConfigurationList = 0429082B2235241800D2F2E9 /* Build configuration list for PBXNativeTarget "WeatherAppTests" */;
			buildPhases = (
				15FA95197C8DCF04A0BCC55C /* [CP] Check Pods Manifest.lock */,
				042908102235241800D2F2E9 /* Sources */,
				042908112235241800D2F2E9 /* Frameworks */,
				042908122235241800D2F2E9 /* Resources */,
			);
			buildRules = (
			);
			dependencies = (
				042908162235241800D2F2E9 /* PBXTargetDependency */,
			);
			name = WeatherAppTests;
			productName = WeatherAppTests;
			productReference = 042908142235241800D2F2E9 /* WeatherAppTests.xctest */;
			productType = "com.apple.product-type.bundle.unit-test";
		};
		0429081E2235241800D2F2E9 /* WeatherAppUITests */ = {
			isa = PBXNativeTarget;
			buildConfigurationList = 0429082E2235241800D2F2E9 /* Build configuration list for PBXNativeTarget "WeatherAppUITests" */;
			buildPhases = (
				377BA1520702B8C052F731FC /* [CP] Check Pods Manifest.lock */,
				0429081B2235241800D2F2E9 /* Sources */,
				0429081C2235241800D2F2E9 /* Frameworks */,
				0429081D2235241800D2F2E9 /* Resources */,
			);
			buildRules = (
			);
			dependencies = (
				042908212235241800D2F2E9 /* PBXTargetDependency */,
			);
			name = WeatherAppUITests;
			productName = WeatherAppUITests;
			productReference = 0429081F2235241800D2F2E9 /* WeatherAppUITests.xctest */;
			productType = "com.apple.product-type.bundle.ui-testing";
		};
/* End PBXNativeTarget section */

/* Begin PBXProject section */
		042907F42235241500D2F2E9 /* Project object */ = {
			isa = PBXProject;
			attributes = {
				LastUpgradeCheck = 1010;
				ORGANIZATIONNAME = "Mac mini";
				TargetAttributes = {
					042907FB2235241500D2F2E9 = {
						CreatedOnToolsVersion = 10.1;
					};
					042908132235241800D2F2E9 = {
						CreatedOnToolsVersion = 10.1;
						TestTargetID = 042907FB2235241500D2F2E9;
					};
					0429081E2235241800D2F2E9 = {
						CreatedOnToolsVersion = 10.1;
						TestTargetID = 042907FB2235241500D2F2E9;
					};
				};
			};
			buildConfigurationList = 042907F72235241500D2F2E9 /* Build configuration list for PBXProject "WeatherApp" */;
			compatibilityVersion = "Xcode 9.3";
			developmentRegion = en;
			hasScannedForEncodings = 0;
			knownRegions = (
				en,
				Base,
			);
			mainGroup = 042907F32235241500D2F2E9;
			productRefGroup = 042907FD2235241500D2F2E9 /* Products */;
			projectDirPath = "";
			projectRoot = "";
			targets = (
				042907FB2235241500D2F2E9 /* WeatherApp */,
				042908132235241800D2F2E9 /* WeatherAppTests */,
				0429081E2235241800D2F2E9 /* WeatherAppUITests */,
			);
		};
/* End PBXProject section */

/* Begin PBXResourcesBuildPhase section */
		042907FA2235241500D2F2E9 /* Resources */ = {
			isa = PBXResourcesBuildPhase;
			buildActionMask = 2147483647;
			files = (
				0429080C2235241800D2F2E9 /* LaunchScreen.storyboard in Resources */,
				042908092235241800D2F2E9 /* Assets.xcassets in Resources */,
				042908072235241500D2F2E9 /* Main.storyboard in Resources */,
			);
			runOnlyForDeploymentPostprocessing = 0;
		};
		042908122235241800D2F2E9 /* Resources */ = {
			isa = PBXResourcesBuildPhase;
			buildActionMask = 2147483647;
			files = (
			);
			runOnlyForDeploymentPostprocessing = 0;
		};
		0429081D2235241800D2F2E9 /* Resources */ = {
			isa = PBXResourcesBuildPhase;
			buildActionMask = 2147483647;
			files = (
			);
			runOnlyForDeploymentPostprocessing = 0;
		};
/* End PBXResourcesBuildPhase section */

/* Begin PBXShellScriptBuildPhase section */
		15FA95197C8DCF04A0BCC55C /* [CP] Check Pods Manifest.lock */ = {
			isa = PBXShellScriptBuildPhase;
			buildActionMask = 2147483647;
			files = (
			);
			inputFileListPaths = (
			);
			inputPaths = (
				"${PODS_PODFILE_DIR_PATH}/Podfile.lock",
				"${PODS_ROOT}/Manifest.lock",
			);
			name = "[CP] Check Pods Manifest.lock";
			outputFileListPaths = (
			);
			outputPaths = (
				"$(DERIVED_FILE_DIR)/Pods-WeatherAppTests-checkManifestLockResult.txt",
			);
			runOnlyForDeploymentPostprocessing = 0;
			shellPath = /bin/sh;
			shellScript = "diff \"${PODS_PODFILE_DIR_PATH}/Podfile.lock\" \"${PODS_ROOT}/Manifest.lock\" > /dev/null\nif [ $? != 0 ] ; then\n    # print error to STDERR\n    echo \"error: The sandbox is not in sync with the Podfile.lock. Run 'pod install' or update your CocoaPods installation.\" >&2\n    exit 1\nfi\n# This output is used by Xcode 'outputs' to avoid re-running this script phase.\necho \"SUCCESS\" > \"${SCRIPT_OUTPUT_FILE_0}\"\n";
			showEnvVarsInLog = 0;
		};
		377BA1520702B8C052F731FC /* [CP] Check Pods Manifest.lock */ = {
			isa = PBXShellScriptBuildPhase;
			buildActionMask = 2147483647;
			files = (
			);
			inputFileListPaths = (
			);
			inputPaths = (
				"${PODS_PODFILE_DIR_PATH}/Podfile.lock",
				"${PODS_ROOT}/Manifest.lock",
			);
			name = "[CP] Check Pods Manifest.lock";
			outputFileListPaths = (
			);
			outputPaths = (
				"$(DERIVED_FILE_DIR)/Pods-WeatherAppUITests-checkManifestLockResult.txt",
			);
			runOnlyForDeploymentPostprocessing = 0;
			shellPath = /bin/sh;
			shellScript = "diff \"${PODS_PODFILE_DIR_PATH}/Podfile.lock\" \"${PODS_ROOT}/Manifest.lock\" > /dev/null\nif [ $? != 0 ] ; then\n    # print error to STDERR\n    echo \"error: The sandbox is not in sync with the Podfile.lock. Run 'pod install' or update your CocoaPods installation.\" >&2\n    exit 1\nfi\n# This output is used by Xcode 'outputs' to avoid re-running this script phase.\necho \"SUCCESS\" > \"${SCRIPT_OUTPUT_FILE_0}\"\n";
			showEnvVarsInLog = 0;
		};
		5CF9537CAA5CC7D2B9828F0E /* [CP] Copy Pods Resources */ = {
			isa = PBXShellScriptBuildPhase;
			buildActionMask = 2147483647;
			files = (
			);
			inputFileListPaths = (
			);
			inputPaths = (
				"${PODS_ROOT}/Target Support Files/Pods-WeatherApp/Pods-WeatherApp-resources.sh",
				"${PODS_ROOT}/SVProgressHUD/SVProgressHUD/SVProgressHUD.bundle",
			);
			name = "[CP] Copy Pods Resources";
			outputFileListPaths = (
			);
			outputPaths = (
				"${TARGET_BUILD_DIR}/${UNLOCALIZED_RESOURCES_FOLDER_PATH}/SVProgressHUD.bundle",
			);
			runOnlyForDeploymentPostprocessing = 0;
			shellPath = /bin/sh;
			shellScript = "\"${PODS_ROOT}/Target Support Files/Pods-WeatherApp/Pods-WeatherApp-resources.sh\"\n";
			showEnvVarsInLog = 0;
		};
		B6130558AF999ECA898BE04A /* [CP] Check Pods Manifest.lock */ = {
			isa = PBXShellScriptBuildPhase;
			buildActionMask = 2147483647;
			files = (
			);
			inputFileListPaths = (
			);
			inputPaths = (
				"${PODS_PODFILE_DIR_PATH}/Podfile.lock",
				"${PODS_ROOT}/Manifest.lock",
			);
			name = "[CP] Check Pods Manifest.lock";
			outputFileListPaths = (
			);
			outputPaths = (
				"$(DERIVED_FILE_DIR)/Pods-WeatherApp-checkManifestLockResult.txt",
			);
			runOnlyForDeploymentPostprocessing = 0;
			shellPath = /bin/sh;
			shellScript = "diff \"${PODS_PODFILE_DIR_PATH}/Podfile.lock\" \"${PODS_ROOT}/Manifest.lock\" > /dev/null\nif [ $? != 0 ] ; then\n    # print error to STDERR\n    echo \"error: The sandbox is not in sync with the Podfile.lock. Run 'pod install' or update your CocoaPods installation.\" >&2\n    exit 1\nfi\n# This output is used by Xcode 'outputs' to avoid re-running this script phase.\necho \"SUCCESS\" > \"${SCRIPT_OUTPUT_FILE_0}\"\n";
			showEnvVarsInLog = 0;
		};
/* End PBXShellScriptBuildPhase section */

/* Begin PBXSourcesBuildPhase section */
		042907F82235241500D2F2E9 /* Sources */ = {
			isa = PBXSourcesBuildPhase;
			buildActionMask = 2147483647;
			files = (
				04226FBA2235462E00AC8418 /* EGCore.m in Sources */,
				042908042235241500D2F2E9 /* ViewController.m in Sources */,
				04226FBD223549F900AC8418 /* EGDataManager.m in Sources */,
				0429080F2235241800D2F2E9 /* main.m in Sources */,
				042908012235241500D2F2E9 /* AppDelegate.m in Sources */,
			);
			runOnlyForDeploymentPostprocessing = 0;
		};
		042908102235241800D2F2E9 /* Sources */ = {
			isa = PBXSourcesBuildPhase;
			buildActionMask = 2147483647;
			files = (
				042908192235241800D2F2E9 /* WeatherAppTests.m in Sources */,
			);
			runOnlyForDeploymentPostprocessing = 0;
		};
		0429081B2235241800D2F2E9 /* Sources */ = {
			isa = PBXSourcesBuildPhase;
			buildActionMask = 2147483647;
			files = (
				042908242235241800D2F2E9 /* WeatherAppUITests.m in Sources */,
			);
			runOnlyForDeploymentPostprocessing = 0;
		};
/* End PBXSourcesBuildPhase section */

/* Begin PBXTargetDependency section */
		042908162235241800D2F2E9 /* PBXTargetDependency */ = {
			isa = PBXTargetDependency;
			target = 042907FB2235241500D2F2E9 /* WeatherApp */;
			targetProxy = 042908152235241800D2F2E9 /* PBXContainerItemProxy */;
		};
		042908212235241800D2F2E9 /* PBXTargetDependency */ = {
			isa = PBXTargetDependency;
			target = 042907FB2235241500D2F2E9 /* WeatherApp */;
			targetProxy = 042908202235241800D2F2E9 /* PBXContainerItemProxy */;
		};
/* End PBXTargetDependency section */

/* Begin PBXVariantGroup section */
		042908052235241500D2F2E9 /* Main.storyboard */ = {
			isa = PBXVariantGroup;
			children = (
				042908062235241500D2F2E9 /* Base */,
			);
			name = Main.storyboard;
			sourceTree = "<group>";
		};
		0429080A2235241800D2F2E9 /* LaunchScreen.storyboard */ = {
			isa = PBXVariantGroup;
			children = (
				0429080B2235241800D2F2E9 /* Base */,
			);
			name = LaunchScreen.storyboard;
			sourceTree = "<group>";
		};
/* End PBXVariantGroup section */

/* Begin XCBuildConfiguration section */
		042908262235241800D2F2E9 /* Debug */ = {
			isa = XCBuildConfiguration;
			buildSettings = {
				ALWAYS_SEARCH_USER_PATHS = NO;
				CLANG_ANALYZER_NONNULL = YES;
				CLANG_ANALYZER_NUMBER_OBJECT_CONVERSION = YES_AGGRESSIVE;
				CLANG_CXX_LANGUAGE_STANDARD = "gnu++14";
				CLANG_CXX_LIBRARY = "libc++";
				CLANG_ENABLE_MODULES = YES;
				CLANG_ENABLE_OBJC_ARC = YES;
				CLANG_ENABLE_OBJC_WEAK = YES;
				CLANG_WARN_BLOCK_CAPTURE_AUTORELEASING = YES;
				CLANG_WARN_BOOL_CONVERSION = YES;
				CLANG_WARN_COMMA = YES;
				CLANG_WARN_CONSTANT_CONVERSION = YES;
				CLANG_WARN_DEPRECATED_OBJC_IMPLEMENTATIONS = YES;
				CLANG_WARN_DIRECT_OBJC_ISA_USAGE = YES_ERROR;
				CLANG_WARN_DOCUMENTATION_COMMENTS = YES;
				CLANG_WARN_EMPTY_BODY = YES;
				CLANG_WARN_ENUM_CONVERSION = YES;
				CLANG_WARN_INFINITE_RECURSION = YES;
				CLANG_WARN_INT_CONVERSION = YES;
				CLANG_WARN_NON_LITERAL_NULL_CONVERSION = YES;
				CLANG_WARN_OBJC_IMPLICIT_RETAIN_SELF = YES;
				CLANG_WARN_OBJC_LITERAL_CONVERSION = YES;
				CLANG_WARN_OBJC_ROOT_CLASS = YES_ERROR;
				CLANG_WARN_RANGE_LOOP_ANALYSIS = YES;
				CLANG_WARN_STRICT_PROTOTYPES = YES;
				CLANG_WARN_SUSPICIOUS_MOVE = YES;
				CLANG_WARN_UNGUARDED_AVAILABILITY = YES_AGGRESSIVE;
				CLANG_WARN_UNREACHABLE_CODE = YES;
				CLANG_WARN__DUPLICATE_METHOD_MATCH = YES;
				CODE_SIGN_IDENTITY = "iPhone Developer";
				COPY_PHASE_STRIP = NO;
				DEBUG_INFORMATION_FORMAT = dwarf;
				ENABLE_STRICT_OBJC_MSGSEND = YES;
				ENABLE_TESTABILITY = YES;
				GCC_C_LANGUAGE_STANDARD = gnu11;
				GCC_DYNAMIC_NO_PIC = NO;
				GCC_NO_COMMON_BLOCKS = YES;
				GCC_OPTIMIZATION_LEVEL = 0;
				GCC_PREPROCESSOR_DEFINITIONS = (
					"DEBUG=1",
					"$(inherited)",
				);
				GCC_WARN_64_TO_32_BIT_CONVERSION = YES;
				GCC_WARN_ABOUT_RETURN_TYPE = YES_ERROR;
				GCC_WARN_UNDECLARED_SELECTOR = YES;
				GCC_WARN_UNINITIALIZED_AUTOS = YES_AGGRESSIVE;
				GCC_WARN_UNUSED_FUNCTION = YES;
				GCC_WARN_UNUSED_VARIABLE = YES;
				IPHONEOS_DEPLOYMENT_TARGET = 12.1;
				MTL_ENABLE_DEBUG_INFO = INCLUDE_SOURCE;
				MTL_FAST_MATH = YES;
				ONLY_ACTIVE_ARCH = YES;
				SDKROOT = iphoneos;
			};
			name = Debug;
		};
		042908272235241800D2F2E9 /* Release */ = {
			isa = XCBuildConfiguration;
			buildSettings = {
				ALWAYS_SEARCH_USER_PATHS = NO;
				CLANG_ANALYZER_NONNULL = YES;
				CLANG_ANALYZER_NUMBER_OBJECT_CONVERSION = YES_AGGRESSIVE;
				CLANG_CXX_LANGUAGE_STANDARD = "gnu++14";
				CLANG_CXX_LIBRARY = "libc++";
				CLANG_ENABLE_MODULES = YES;
				CLANG_ENABLE_OBJC_ARC = YES;
				CLANG_ENABLE_OBJC_WEAK = YES;
				CLANG_WARN_BLOCK_CAPTURE_AUTORELEASING = YES;
				CLANG_WARN_BOOL_CONVERSION = YES;
				CLANG_WARN_COMMA = YES;
				CLANG_WARN_CONSTANT_CONVERSION = YES;
				CLANG_WARN_DEPRECATED_OBJC_IMPLEMENTATIONS = YES;
				CLANG_WARN_DIRECT_OBJC_ISA_USAGE = YES_ERROR;
				CLANG_WARN_DOCUMENTATION_COMMENTS = YES;
				CLANG_WARN_EMPTY_BODY = YES;
				CLANG_WARN_ENUM_CONVERSION = YES;
				CLANG_WARN_INFINITE_RECURSION = YES;
				CLANG_WARN_INT_CONVERSION = YES;
				CLANG_WARN_NON_LITERAL_NULL_CONVERSION = YES;
				CLANG_WARN_OBJC_IMPLICIT_RETAIN_SELF = YES;
				CLANG_WARN_OBJC_LITERAL_CONVERSION = YES;
				CLANG_WARN_OBJC_ROOT_CLASS = YES_ERROR;
				CLANG_WARN_RANGE_LOOP_ANALYSIS = YES;
				CLANG_WARN_STRICT_PROTOTYPES = YES;
				CLANG_WARN_SUSPICIOUS_MOVE = YES;
				CLANG_WARN_UNGUARDED_AVAILABILITY = YES_AGGRESSIVE;
				CLANG_WARN_UNREACHABLE_CODE = YES;
				CLANG_WARN__DUPLICATE_METHOD_MATCH = YES;
				CODE_SIGN_IDENTITY = "iPhone Developer";
				COPY_PHASE_STRIP = NO;
				DEBUG_INFORMATION_FORMAT = "dwarf-with-dsym";
				ENABLE_NS_ASSERTIONS = NO;
				ENABLE_STRICT_OBJC_MSGSEND = YES;
				GCC_C_LANGUAGE_STANDARD = gnu11;
				GCC_NO_COMMON_BLOCKS = YES;
				GCC_WARN_64_TO_32_BIT_CONVERSION = YES;
				GCC_WARN_ABOUT_RETURN_TYPE = YES_ERROR;
				GCC_WARN_UNDECLARED_SELECTOR = YES;
				GCC_WARN_UNINITIALIZED_AUTOS = YES_AGGRESSIVE;
				GCC_WARN_UNUSED_FUNCTION = YES;
				GCC_WARN_UNUSED_VARIABLE = YES;
				IPHONEOS_DEPLOYMENT_TARGET = 12.1;
				MTL_ENABLE_DEBUG_INFO = NO;
				MTL_FAST_MATH = YES;
				SDKROOT = iphoneos;
				VALIDATE_PRODUCT = YES;
			};
			name = Release;
		};
		042908292235241800D2F2E9 /* Debug */ = {
			isa = XCBuildConfiguration;
			baseConfigurationReference = 93D4F558A46BA99E1D5A7B7B /* Pods-WeatherApp.debug.xcconfig */;
			buildSettings = {
				ASSETCATALOG_COMPILER_APPICON_NAME = AppIcon;
				CODE_SIGN_STYLE = Automatic;
				INFOPLIST_FILE = WeatherApp/Info.plist;
				LD_RUNPATH_SEARCH_PATHS = (
					"$(inherited)",
					"@executable_path/Frameworks",
				);
				PRODUCT_BUNDLE_IDENTIFIER = eugene.WeatherApp;
				PRODUCT_NAME = "$(TARGET_NAME)";
				TARGETED_DEVICE_FAMILY = "1,2";
			};
			name = Debug;
		};
		0429082A2235241800D2F2E9 /* Release */ = {
			isa = XCBuildConfiguration;
			baseConfigurationReference = BC9F10746C1519888547FD1E /* Pods-WeatherApp.release.xcconfig */;
			buildSettings = {
				ASSETCATALOG_COMPILER_APPICON_NAME = AppIcon;
				CODE_SIGN_STYLE = Automatic;
				INFOPLIST_FILE = WeatherApp/Info.plist;
				LD_RUNPATH_SEARCH_PATHS = (
					"$(inherited)",
					"@executable_path/Frameworks",
				);
				PRODUCT_BUNDLE_IDENTIFIER = eugene.WeatherApp;
				PRODUCT_NAME = "$(TARGET_NAME)";
				TARGETED_DEVICE_FAMILY = "1,2";
			};
			name = Release;
		};
		0429082C2235241800D2F2E9 /* Debug */ = {
			isa = XCBuildConfiguration;
			baseConfigurationReference = 8939BD394B78859867A2FCF4 /* Pods-WeatherAppTests.debug.xcconfig */;
			buildSettings = {
				BUNDLE_LOADER = "$(TEST_HOST)";
				CODE_SIGN_STYLE = Automatic;
				INFOPLIST_FILE = WeatherAppTests/Info.plist;
				LD_RUNPATH_SEARCH_PATHS = (
					"$(inherited)",
					"@executable_path/Frameworks",
					"@loader_path/Frameworks",
				);
				PRODUCT_BUNDLE_IDENTIFIER = eugerne.WeatherAppTests;
				PRODUCT_NAME = "$(TARGET_NAME)";
				TARGETED_DEVICE_FAMILY = "1,2";
				TEST_HOST = "$(BUILT_PRODUCTS_DIR)/WeatherApp.app/WeatherApp";
			};
			name = Debug;
		};
		0429082D2235241800D2F2E9 /* Release */ = {
			isa = XCBuildConfiguration;
			baseConfigurationReference = 8869CF5F739D587B5A28A0DA /* Pods-WeatherAppTests.release.xcconfig */;
			buildSettings = {
				BUNDLE_LOADER = "$(TEST_HOST)";
				CODE_SIGN_STYLE = Automatic;
				INFOPLIST_FILE = WeatherAppTests/Info.plist;
				LD_RUNPATH_SEARCH_PATHS = (
					"$(inherited)",
					"@executable_path/Frameworks",
					"@loader_path/Frameworks",
				);
				PRODUCT_BUNDLE_IDENTIFIER = eugerne.WeatherAppTests;
				PRODUCT_NAME = "$(TARGET_NAME)";
				TARGETED_DEVICE_FAMILY = "1,2";
				TEST_HOST = "$(BUILT_PRODUCTS_DIR)/WeatherApp.app/WeatherApp";
			};
			name = Release;
		};
		0429082F2235241800D2F2E9 /* Debug */ = {
			isa = XCBuildConfiguration;
			baseConfigurationReference = 56A58637474D065D1CB7FBDD /* Pods-WeatherAppUITests.debug.xcconfig */;
			buildSettings = {
				CODE_SIGN_STYLE = Automatic;
				INFOPLIST_FILE = WeatherAppUITests/Info.plist;
				LD_RUNPATH_SEARCH_PATHS = (
					"$(inherited)",
					"@executable_path/Frameworks",
					"@loader_path/Frameworks",
				);
				PRODUCT_BUNDLE_IDENTIFIER = eugerne.WeatherAppUITests;
				PRODUCT_NAME = "$(TARGET_NAME)";
				TARGETED_DEVICE_FAMILY = "1,2";
				TEST_TARGET_NAME = WeatherApp;
			};
			name = Debug;
		};
		042908302235241800D2F2E9 /* Release */ = {
			isa = XCBuildConfiguration;
			baseConfigurationReference = 6F39CC96059306DBFA7DD08A /* Pods-WeatherAppUITests.release.xcconfig */;
			buildSettings = {
				CODE_SIGN_STYLE = Automatic;
				INFOPLIST_FILE = WeatherAppUITests/Info.plist;
				LD_RUNPATH_SEARCH_PATHS = (
					"$(inherited)",
					"@executable_path/Frameworks",
					"@loader_path/Frameworks",
				);
				PRODUCT_BUNDLE_IDENTIFIER = eugerne.WeatherAppUITests;
				PRODUCT_NAME = "$(TARGET_NAME)";
				TARGETED_DEVICE_FAMILY = "1,2";
				TEST_TARGET_NAME = WeatherApp;
			};
			name = Release;
		};
/* End XCBuildConfiguration section */

/* Begin XCConfigurationList section */
		042907F72235241500D2F2E9 /* Build configuration list for PBXProject "WeatherApp" */ = {
			isa = XCConfigurationList;
			buildConfigurations = (
				042908262235241800D2F2E9 /* Debug */,
				042908272235241800D2F2E9 /* Release */,
			);
			defaultConfigurationIsVisible = 0;
			defaultConfigurationName = Release;
		};
		042908282235241800D2F2E9 /* Build configuration list for PBXNativeTarget "WeatherApp" */ = {
			isa = XCConfigurationList;
			buildConfigurations = (
				042908292235241800D2F2E9 /* Debug */,
				0429082A2235241800D2F2E9 /* Release */,
			);
			defaultConfigurationIsVisible = 0;
			defaultConfigurationName = Release;
		};
		0429082B2235241800D2F2E9 /* Build configuration list for PBXNativeTarget "WeatherAppTests" */ = {
			isa = XCConfigurationList;
			buildConfigurations = (
				0429082C2235241800D2F2E9 /* Debug */,
				0429082D2235241800D2F2E9 /* Release */,
			);
			defaultConfigurationIsVisible = 0;
			defaultConfigurationName = Release;
		};
		0429082E2235241800D2F2E9 /* Build configuration list for PBXNativeTarget "WeatherAppUITests" */ = {
			isa = XCConfigurationList;
			buildConfigurations = (
				0429082F2235241800D2F2E9 /* Debug */,
				042908302235241800D2F2E9 /* Release */,
			);
			defaultConfigurationIsVisible = 0;
			defaultConfigurationName = Release;
		};
/* End XCConfigurationList section */
	};
	rootObject = 042907F42235241500D2F2E9 /* Project object */;
}
